{
  "nodes": {
    "nix-lefthook-deadnix": {
      "inputs": {
        "nix-lefthook-nixfmt": "nix-lefthook-nixfmt",
        "nix-lefthook-shellcheck": "nix-lefthook-shellcheck_3",
        "nix-lefthook-shfmt": "nix-lefthook-shfmt_2",
        "nixpkgs": [
          "nixpkgs"
        ]
      },
      "locked": {
        "lastModified": 1776490189,
        "narHash": "sha256-hyicupHWYO0xQe/QohNk1q9imahkPq54Ing/LfA90JQ=",
        "ref": "refs/heads/main",
        "rev": "a090a9c142fe581a8c5d47fbfcbccab25b54da37",
        "revCount": 34,
        "type": "git",
        "url": "file:///Users/pr0d1r2/projects/nix-lefthook-deadnix"
      },
      "original": {
        "type": "git",
        "url": "file:///Users/pr0d1r2/projects/nix-lefthook-deadnix"
      }
    },
    "nix-lefthook-nix-no-embedded-shell": {
      "inputs": {
        "nix-lefthook-nixfmt": "nix-lefthook-nixfmt_2",
        "nix-lefthook-shellcheck": "nix-lefthook-shellcheck_7",
        "nix-lefthook-shfmt": "nix-lefthook-shfmt_4",
        "nixpkgs": [
          "nixpkgs"
        ]
      },
      "locked": {
        "lastModified": 1776490189,
        "narHash": "sha256-EhE94CXUsXB13nUCxMQpuSgUgcp12SI5fCI8+R8yStY=",
        "ref": "refs/heads/main",
        "rev": "7669ccaccedff9ae1c8a84dd8060b8e25fbb3b7a",
        "revCount": 35,
        "type": "git",
        "url": "file:///Users/pr0d1r2/projects/nix-lefthook-nix-no-embedded-shell"
      },
      "original": {
        "type": "git",
        "url": "file:///Users/pr0d1r2/projects/nix-lefthook-nix-no-embedded-shell"
      }
    },
    "nix-lefthook-nixfmt": {
      "inputs": {
        "nix-lefthook-shellcheck": "nix-lefthook-shellcheck",
        "nix-lefthook-shfmt": "nix-lefthook-shfmt",
        "nixpkgs": [
          "nix-lefthook-deadnix",
          "nixpkgs"
        ]
      },
      "locked": {
        "lastModified": 1776490188,
        "narHash": "sha256-10VPAY7DjdoyoDt5pXy4SZ4LjTeMHAgW0ZkdkasoMdI=",
        "ref": "refs/heads/main",
        "rev": "850788f29d4c815426ce9e29946f442f9d62ecff",
        "revCount": 37,
        "type": "git",
        "url": "file:///Users/pr0d1r2/projects/nix-lefthook-nixfmt"
      },
      "original": {
        "type": "git",
        "url": "file:///Users/pr0d1r2/projects/nix-lefthook-nixfmt"
      }
    },
    "nix-lefthook-nixfmt_2": {
      "inputs": {
        "nix-lefthook-shellcheck": "nix-lefthook-shellcheck_5",
        "nix-lefthook-shfmt": "nix-lefthook-shfmt_3",
        "nixpkgs": [
          "nix-lefthook-nix-no-embedded-shell",
          "nixpkgs"
        ]
      },
      "locked": {
        "lastModified": 1776490188,
        "narHash": "sha256-10VPAY7DjdoyoDt5pXy4SZ4LjTeMHAgW0ZkdkasoMdI=",
        "ref": "refs/heads/main",
        "rev": "850788f29d4c815426ce9e29946f442f9d62ecff",
        "revCount": 37,
        "type": "git",
        "url": "file:///Users/pr0d1r2/projects/nix-lefthook-nixfmt"
      },
      "original": {
        "type": "git",
        "url": "file:///Users/pr0d1r2/projects/nix-lefthook-nixfmt"
      }
    },
    "nix-lefthook-nixfmt_3": {
      "inputs": {
        "nix-lefthook-shellcheck": "nix-lefthook-shellcheck_9",
        "nix-lefthook-shfmt": "nix-lefthook-shfmt_5",
        "nixpkgs": [
          "nixpkgs"
        ]
      },
      "locked": {
        "lastModified": 1776490188,
        "narHash": "sha256-10VPAY7DjdoyoDt5pXy4SZ4LjTeMHAgW0ZkdkasoMdI=",
        "ref": "refs/heads/main",
        "rev": "850788f29d4c815426ce9e29946f442f9d62ecff",
        "revCount": 37,
        "type": "git",
        "url": "file:///Users/pr0d1r2/projects/nix-lefthook-nixfmt"
      },
      "original": {
        "type": "git",
        "url": "file:///Users/pr0d1r2/projects/nix-lefthook-nixfmt"
      }
    },
    "nix-lefthook-nixfmt_4": {
      "inputs": {
        "nix-lefthook-shellcheck": "nix-lefthook-shellcheck_13",
        "nix-lefthook-shfmt": "nix-lefthook-shfmt_7",
        "nixpkgs": [
          "nix-lefthook-statix",
          "nixpkgs"
        ]
      },
      "locked": {
        "lastModified": 1776486378,
        "narHash": "sha256-Ab8A+jXemIFlxbhlji92jeRUZpQORHGDtLva9Os7ya8=",
        "ref": "refs/heads/main",
        "rev": "1dec1ad5e2eb89f8780ba85c8873fbaf7befcc7e",
        "revCount": 27,
        "type": "git",
        "url": "file:///Users/pr0d1r2/projects/nix-lefthook-nixfmt"
      },
      "original": {
        "type": "git",
        "url": "file:///Users/pr0d1r2/projects/nix-lefthook-nixfmt"
      }
    },
    "nix-lefthook-shellcheck": {
      "inputs": {
        "nixpkgs": [
          "nix-lefthook-deadnix",
          "nix-lefthook-nixfmt",
          "nixpkgs"
        ]
      },
      "locked": {
        "lastModified": 1776404764,
        "narHash": "sha256-nJ65xRA1gemiz75MD0FfPrxFJHOQQUxygkrZat7q5Sg=",
        "ref": "refs/heads/main",
        "rev": "79ee6091484515f58385af056811728cf4d0b8e7",
        "revCount": 2,
        "type": "git",
        "url": "file:///Users/pr0d1r2/projects/nix-lefthook-shellcheck"
      },
      "original": {
        "type": "git",
        "url": "file:///Users/pr0d1r2/projects/nix-lefthook-shellcheck"
      }
    },
    "nix-lefthook-shellcheck_10": {
      "inputs": {
        "nixpkgs": [
          "nix-lefthook-nixfmt",
          "nix-lefthook-shfmt",
          "nixpkgs"
        ]
      },
      "locked": {
        "lastModified": 1776405014,
        "narHash": "sha256-QodC2Hh5ilUT6JzTCyYobTBNZ+zslRARRl9mzh0VZOM=",
        "ref": "refs/heads/main",
        "rev": "14bd30d66420e717c28f0849231269d184464f4c",
        "revCount": 3,
        "type": "git",
        "url": "file:///Users/pr0d1r2/projects/nix-lefthook-shellcheck"
      },
      "original": {
        "type": "git",
        "url": "file:///Users/pr0d1r2/projects/nix-lefthook-shellcheck"
      }
    },
    "nix-lefthook-shellcheck_11": {
      "inputs": {
        "nixpkgs": [
          "nixpkgs"
        ]
      },
      "locked": {
        "lastModified": 1776490188,
        "narHash": "sha256-JFi29Tarz1XNNE9uEywEbHGkzOuchgHW5zPf+gbgZog=",
        "ref": "refs/heads/main",
        "rev": "d2c52d82ed142b3c7949396ed410e8d514ebcef6",
        "revCount": 38,
        "type": "git",
        "url": "file:///Users/pr0d1r2/projects/nix-lefthook-shellcheck"
      },
      "original": {
        "type": "git",
        "url": "file:///Users/pr0d1r2/projects/nix-lefthook-shellcheck"
      }
    },
    "nix-lefthook-shellcheck_12": {
      "inputs": {
        "nixpkgs": [
          "nix-lefthook-shfmt",
          "nixpkgs"
        ]
      },
      "locked": {
        "lastModified": 1776405014,
        "narHash": "sha256-QodC2Hh5ilUT6JzTCyYobTBNZ+zslRARRl9mzh0VZOM=",
        "ref": "refs/heads/main",
        "rev": "14bd30d66420e717c28f0849231269d184464f4c",
        "revCount": 3,
        "type": "git",
        "url": "file:///Users/pr0d1r2/projects/nix-lefthook-shellcheck"
      },
      "original": {
        "type": "git",
        "url": "file:///Users/pr0d1r2/projects/nix-lefthook-shellcheck"
      }
    },
    "nix-lefthook-shellcheck_13": {
      "inputs": {
        "nixpkgs": [
          "nix-lefthook-statix",
          "nix-lefthook-nixfmt",
          "nixpkgs"
        ]
      },
      "locked": {
        "lastModified": 1776404764,
        "narHash": "sha256-nJ65xRA1gemiz75MD0FfPrxFJHOQQUxygkrZat7q5Sg=",
        "ref": "refs/heads/main",
        "rev": "79ee6091484515f58385af056811728cf4d0b8e7",
        "revCount": 2,
        "type": "git",
        "url": "file:///Users/pr0d1r2/projects/nix-lefthook-shellcheck"
      },
      "original": {
        "type": "git",
        "url": "file:///Users/pr0d1r2/projects/nix-lefthook-shellcheck"
      }
    },
    "nix-lefthook-shellcheck_14": {
      "inputs": {
        "nixpkgs": [
          "nix-lefthook-statix",
          "nix-lefthook-nixfmt",
          "nix-lefthook-shfmt",
          "nixpkgs"
        ]
      },
      "locked": {
        "lastModified": 1776405014,
        "narHash": "sha256-QodC2Hh5ilUT6JzTCyYobTBNZ+zslRARRl9mzh0VZOM=",
        "ref": "refs/heads/main",
        "rev": "14bd30d66420e717c28f0849231269d184464f4c",
        "revCount": 3,
        "type": "git",
        "url": "file:///Users/pr0d1r2/projects/nix-lefthook-shellcheck"
      },
      "original": {
        "type": "git",
        "url": "file:///Users/pr0d1r2/projects/nix-lefthook-shellcheck"
      }
    },
    "nix-lefthook-shellcheck_15": {
      "inputs": {
        "nixpkgs": [
          "nix-lefthook-statix",
          "nixpkgs"
        ]
      },
      "locked": {
        "lastModified": 1776486380,
        "narHash": "sha256-LW9ujoafrfy95ZPFR7n+NIiftLkFszmXfKIAkAU5a98=",
        "ref": "refs/heads/main",
        "rev": "d9571cee5f51d5f9c484c51ba848bade8a0f7b8b",
        "revCount": 28,
        "type": "git",
        "url": "file:///Users/pr0d1r2/projects/nix-lefthook-shellcheck"
      },
      "original": {
        "type": "git",
        "url": "file:///Users/pr0d1r2/projects/nix-lefthook-shellcheck"
      }
    },
    "nix-lefthook-shellcheck_16": {
      "inputs": {
        "nixpkgs": [
          "nix-lefthook-statix",
          "nix-lefthook-shfmt",
          "nixpkgs"
        ]
      },
      "locked": {
        "lastModified": 1776405014,
        "narHash": "sha256-QodC2Hh5ilUT6JzTCyYobTBNZ+zslRARRl9mzh0VZOM=",
        "ref": "refs/heads/main",
        "rev": "14bd30d66420e717c28f0849231269d184464f4c",
        "revCount": 3,
        "type": "git",
        "url": "file:///Users/pr0d1r2/projects/nix-lefthook-shellcheck"
      },
      "original": {
        "type": "git",
        "url": "file:///Users/pr0d1r2/projects/nix-lefthook-shellcheck"
      }
    },
    "nix-lefthook-shellcheck_2": {
      "inputs": {
        "nixpkgs": [
          "nix-lefthook-deadnix",
          "nix-lefthook-nixfmt",
          "nix-lefthook-shfmt",
          "nixpkgs"
        ]
      },
      "locked": {
        "lastModified": 1776405014,
        "narHash": "sha256-QodC2Hh5ilUT6JzTCyYobTBNZ+zslRARRl9mzh0VZOM=",
        "ref": "refs/heads/main",
        "rev": "14bd30d66420e717c28f0849231269d184464f4c",
        "revCount": 3,
        "type": "git",
        "url": "file:///Users/pr0d1r2/projects/nix-lefthook-shellcheck"
      },
      "original": {
        "type": "git",
        "url": "file:///Users/pr0d1r2/projects/nix-lefthook-shellcheck"
      }
    },
    "nix-lefthook-shellcheck_3": {
      "inputs": {
        "nixpkgs": [
          "nix-lefthook-deadnix",
          "nixpkgs"
        ]
      },
      "locked": {
        "lastModified": 1776490188,
        "narHash": "sha256-JFi29Tarz1XNNE9uEywEbHGkzOuchgHW5zPf+gbgZog=",
        "ref": "refs/heads/main",
        "rev": "d2c52d82ed142b3c7949396ed410e8d514ebcef6",
        "revCount": 38,
        "type": "git",
        "url": "file:///Users/pr0d1r2/projects/nix-lefthook-shellcheck"
      },
      "original": {
        "type": "git",
        "url": "file:///Users/pr0d1r2/projects/nix-lefthook-shellcheck"
      }
    },
    "nix-lefthook-shellcheck_4": {
      "inputs": {
        "nixpkgs": [
          "nix-lefthook-deadnix",
          "nix-lefthook-shfmt",
          "nixpkgs"
        ]
      },
      "locked": {
        "lastModified": 1776405014,
        "narHash": "sha256-QodC2Hh5ilUT6JzTCyYobTBNZ+zslRARRl9mzh0VZOM=",
        "ref": "refs/heads/main",
        "rev": "14bd30d66420e717c28f0849231269d184464f4c",
        "revCount": 3,
        "type": "git",
        "url": "file:///Users/pr0d1r2/projects/nix-lefthook-shellcheck"
      },
      "original": {
        "type": "git",
        "url": "file:///Users/pr0d1r2/projects/nix-lefthook-shellcheck"
      }
    },
    "nix-lefthook-shellcheck_5": {
      "inputs": {
        "nixpkgs": [
          "nix-lefthook-nix-no-embedded-shell",
          "nix-lefthook-nixfmt",
          "nixpkgs"
        ]
      },
      "locked": {
        "lastModified": 1776404764,
        "narHash": "sha256-nJ65xRA1gemiz75MD0FfPrxFJHOQQUxygkrZat7q5Sg=",
        "ref": "refs/heads/main",
        "rev": "79ee6091484515f58385af056811728cf4d0b8e7",
        "revCount": 2,
        "type": "git",
        "url": "file:///Users/pr0d1r2/projects/nix-lefthook-shellcheck"
      },
      "original": {
        "type": "git",
        "url": "file:///Users/pr0d1r2/projects/nix-lefthook-shellcheck"
      }
    },
    "nix-lefthook-shellcheck_6": {
      "inputs": {
        "nixpkgs": [
          "nix-lefthook-nix-no-embedded-shell",
          "nix-lefthook-nixfmt",
          "nix-lefthook-shfmt",
          "nixpkgs"
        ]
      },
      "locked": {
        "lastModified": 1776405014,
        "narHash": "sha256-QodC2Hh5ilUT6JzTCyYobTBNZ+zslRARRl9mzh0VZOM=",
        "ref": "refs/heads/main",
        "rev": "14bd30d66420e717c28f0849231269d184464f4c",
        "revCount": 3,
        "type": "git",
        "url": "file:///Users/pr0d1r2/projects/nix-lefthook-shellcheck"
      },
      "original": {
        "type": "git",
        "url": "file:///Users/pr0d1r2/projects/nix-lefthook-shellcheck"
      }
    },
    "nix-lefthook-shellcheck_7": {
      "inputs": {
        "nixpkgs": [
          "nix-lefthook-nix-no-embedded-shell",
          "nixpkgs"
        ]
      },
      "locked": {
        "lastModified": 1776490188,
        "narHash": "sha256-JFi29Tarz1XNNE9uEywEbHGkzOuchgHW5zPf+gbgZog=",
        "ref": "refs/heads/main",
        "rev": "d2c52d82ed142b3c7949396ed410e8d514ebcef6",
        "revCount": 38,
        "type": "git",
        "url": "file:///Users/pr0d1r2/projects/nix-lefthook-shellcheck"
      },
      "original": {
        "type": "git",
        "url": "file:///Users/pr0d1r2/projects/nix-lefthook-shellcheck"
      }
    },
    "nix-lefthook-shellcheck_8": {
      "inputs": {
        "nixpkgs": [
          "nix-lefthook-nix-no-embedded-shell",
          "nix-lefthook-shfmt",
          "nixpkgs"
        ]
      },
      "locked": {
        "lastModified": 1776405014,
        "narHash": "sha256-QodC2Hh5ilUT6JzTCyYobTBNZ+zslRARRl9mzh0VZOM=",
        "ref": "refs/heads/main",
        "rev": "14bd30d66420e717c28f0849231269d184464f4c",
        "revCount": 3,
        "type": "git",
        "url": "file:///Users/pr0d1r2/projects/nix-lefthook-shellcheck"
      },
      "original": {
        "type": "git",
        "url": "file:///Users/pr0d1r2/projects/nix-lefthook-shellcheck"
      }
    },
    "nix-lefthook-shellcheck_9": {
      "inputs": {
        "nixpkgs": [
          "nix-lefthook-nixfmt",
          "nixpkgs"
        ]
      },
      "locked": {
        "lastModified": 1776404764,
        "narHash": "sha256-nJ65xRA1gemiz75MD0FfPrxFJHOQQUxygkrZat7q5Sg=",
        "ref": "refs/heads/main",
        "rev": "79ee6091484515f58385af056811728cf4d0b8e7",
        "revCount": 2,
        "type": "git",
        "url": "file:///Users/pr0d1r2/projects/nix-lefthook-shellcheck"
      },
      "original": {
        "type": "git",
        "url": "file:///Users/pr0d1r2/projects/nix-lefthook-shellcheck"
      }
    },
    "nix-lefthook-shfmt": {
      "inputs": {
        "nix-lefthook-shellcheck": "nix-lefthook-shellcheck_2",
        "nixpkgs": [
          "nix-lefthook-deadnix",
          "nix-lefthook-nixfmt",
          "nixpkgs"
        ]
      },
      "locked": {
        "lastModified": 1776405849,
        "narHash": "sha256-fEYAMhbj3lFpnEbCYt4evHxWN1AUAbEuYaAIZ2qKkaU=",
        "ref": "refs/heads/main",
        "rev": "f4c2ab767b5c1f4ab66c7eefb9b5a5672f3a536a",
        "revCount": 3,
        "type": "git",
        "url": "file:///Users/pr0d1r2/projects/nix-lefthook-shfmt"
      },
      "original": {
        "type": "git",
        "url": "file:///Users/pr0d1r2/projects/nix-lefthook-shfmt"
      }
    },
    "nix-lefthook-shfmt_2": {
      "inputs": {
        "nix-lefthook-shellcheck": "nix-lefthook-shellcheck_4",
        "nixpkgs": [
          "nix-lefthook-deadnix",
          "nixpkgs"
        ]
      },
      "locked": {
        "lastModified": 1776490188,
        "narHash": "sha256-/khR2JlOjlOqX3TPLA7jkLyYDPJrcX3Jy9nz7l7WG2I=",
        "ref": "refs/heads/main",
        "rev": "1b29a8554194b43917a9aaaf98f4af50a67d3d25",
        "revCount": 37,
        "type": "git",
        "url": "file:///Users/pr0d1r2/projects/nix-lefthook-shfmt"
      },
      "original": {
        "type": "git",
        "url": "file:///Users/pr0d1r2/projects/nix-lefthook-shfmt"
      }
    },
    "nix-lefthook-shfmt_3": {
      "inputs": {
        "nix-lefthook-shellcheck": "nix-lefthook-shellcheck_6",
        "nixpkgs": [
          "nix-lefthook-nix-no-embedded-shell",
          "nix-lefthook-nixfmt",
          "nixpkgs"
        ]
      },
      "locked": {
        "lastModified": 1776405849,
        "narHash": "sha256-fEYAMhbj3lFpnEbCYt4evHxWN1AUAbEuYaAIZ2qKkaU=",
        "ref": "refs/heads/main",
        "rev": "f4c2ab767b5c1f4ab66c7eefb9b5a5672f3a536a",
        "revCount": 3,
        "type": "git",
        "url": "file:///Users/pr0d1r2/projects/nix-lefthook-shfmt"
      },
      "original": {
        "type": "git",
        "url": "file:///Users/pr0d1r2/projects/nix-lefthook-shfmt"
      }
    },
    "nix-lefthook-shfmt_4": {
      "inputs": {
        "nix-lefthook-shellcheck": "nix-lefthook-shellcheck_8",
        "nixpkgs": [
          "nix-lefthook-nix-no-embedded-shell",
          "nixpkgs"
        ]
      },
      "locked": {
        "lastModified": 1776490188,
        "narHash": "sha256-/khR2JlOjlOqX3TPLA7jkLyYDPJrcX3Jy9nz7l7WG2I=",
        "ref": "refs/heads/main",
        "rev": "1b29a8554194b43917a9aaaf98f4af50a67d3d25",
        "revCount": 37,
        "type": "git",
        "url": "file:///Users/pr0d1r2/projects/nix-lefthook-shfmt"
      },
      "original": {
        "type": "git",
        "url": "file:///Users/pr0d1r2/projects/nix-lefthook-shfmt"
      }
    },
    "nix-lefthook-shfmt_5": {
      "inputs": {
        "nix-lefthook-shellcheck": "nix-lefthook-shellcheck_10",
        "nixpkgs": [
          "nix-lefthook-nixfmt",
          "nixpkgs"
        ]
      },
      "locked": {
        "lastModified": 1776405849,
        "narHash": "sha256-fEYAMhbj3lFpnEbCYt4evHxWN1AUAbEuYaAIZ2qKkaU=",
        "ref": "refs/heads/main",
        "rev": "f4c2ab767b5c1f4ab66c7eefb9b5a5672f3a536a",
        "revCount": 3,
        "type": "git",
        "url": "file:///Users/pr0d1r2/projects/nix-lefthook-shfmt"
      },
      "original": {
        "type": "git",
        "url": "file:///Users/pr0d1r2/projects/nix-lefthook-shfmt"
      }
    },
    "nix-lefthook-shfmt_6": {
      "inputs": {
        "nix-lefthook-shellcheck": "nix-lefthook-shellcheck_12",
        "nixpkgs": [
          "nixpkgs"
        ]
      },
      "locked": {
        "lastModified": 1776490188,
        "narHash": "sha256-/khR2JlOjlOqX3TPLA7jkLyYDPJrcX3Jy9nz7l7WG2I=",
        "ref": "refs/heads/main",
        "rev": "1b29a8554194b43917a9aaaf98f4af50a67d3d25",
        "revCount": 37,
        "type": "git",
        "url": "file:///Users/pr0d1r2/projects/nix-lefthook-shfmt"
      },
      "original": {
        "type": "git",
        "url": "file:///Users/pr0d1r2/projects/nix-lefthook-shfmt"
      }
    },
    "nix-lefthook-shfmt_7": {
      "inputs": {
        "nix-lefthook-shellcheck": "nix-lefthook-shellcheck_14",
        "nixpkgs": [
          "nix-lefthook-statix",
          "nix-lefthook-nixfmt",
          "nixpkgs"
        ]
      },
      "locked": {
        "lastModified": 1776405849,
        "narHash": "sha256-fEYAMhbj3lFpnEbCYt4evHxWN1AUAbEuYaAIZ2qKkaU=",
        "ref": "refs/heads/main",
        "rev": "f4c2ab767b5c1f4ab66c7eefb9b5a5672f3a536a",
        "revCount": 3,
        "type": "git",
        "url": "file:///Users/pr0d1r2/projects/nix-lefthook-shfmt"
      },
      "original": {
        "type": "git",
        "url": "file:///Users/pr0d1r2/projects/nix-lefthook-shfmt"
      }
    },
    "nix-lefthook-shfmt_8": {
      "inputs": {
        "nix-lefthook-shellcheck": "nix-lefthook-shellcheck_16",
        "nixpkgs": [
          "nix-lefthook-statix",
          "nixpkgs"
        ]
      },
      "locked": {
        "lastModified": 1776486381,
        "narHash": "sha256-1WJahoM4h/Xdi9d7iKtXoZZvohdCCM5YA2WmbCGb8/c=",
        "ref": "refs/heads/main",
        "rev": "8160d003eec0adbb717976b771364fc829322a41",
        "revCount": 27,
        "type": "git",
        "url": "file:///Users/pr0d1r2/projects/nix-lefthook-shfmt"
      },
      "original": {
        "type": "git",
        "url": "file:///Users/pr0d1r2/projects/nix-lefthook-shfmt"
      }
    },
    "nix-lefthook-statix": {
      "inputs": {
        "nix-lefthook-nixfmt": "nix-lefthook-nixfmt_4",
        "nix-lefthook-shellcheck": "nix-lefthook-shellcheck_15",
        "nix-lefthook-shfmt": "nix-lefthook-shfmt_8",
        "nixpkgs": [
          "nixpkgs"
        ]
      },
      "locked": {
        "lastModified": 1776490189,
        "narHash": "sha256-4W9C2c0eqPUg43cRTI+58+KwgAnoPky1iF1Y/ZOSof8=",
        "ref": "refs/heads/main",
        "rev": "1388eaec90c24b734f87fdce508ef973fbeb4080",
        "revCount": 34,
        "type": "git",
        "url": "file:///Users/pr0d1r2/projects/nix-lefthook-statix"
      },
      "original": {
        "type": "git",
        "url": "file:///Users/pr0d1r2/projects/nix-lefthook-statix"
      }
    },
    "nixpkgs": {
      "locked": {
        "lastModified": 1776434932,
        "narHash": "sha256-gyqXNMgk3sh+ogY5svd2eNLJ6oEwzbAeaoBrrxD0lKk=",
        "owner": "NixOS",
        "repo": "nixpkgs",
        "rev": "c7f47036d3df2add644c46d712d14262b7d86c0c",
        "type": "github"
      },
      "original": {
        "owner": "NixOS",
        "ref": "nixos-25.11",
        "repo": "nixpkgs",
        "type": "github"
      }
    },
    "root": {
      "inputs": {
        "nix-lefthook-deadnix": "nix-lefthook-deadnix",
        "nix-lefthook-nix-no-embedded-shell": "nix-lefthook-nix-no-embedded-shell",
        "nix-lefthook-nixfmt": "nix-lefthook-nixfmt_3",
        "nix-lefthook-shellcheck": "nix-lefthook-shellcheck_11",
        "nix-lefthook-shfmt": "nix-lefthook-shfmt_6",
        "nix-lefthook-statix": "nix-lefthook-statix",
        "nixpkgs": "nixpkgs"
      }
    }
  },
  "root": "root",
  "version": 7
}
